
Microsoft Visual Studio Solution File, Format Version 12.00
# Visual Studio 15
VisualStudioVersion = 15.0.28307.329
MinimumVisualStudioVersion = 10.0.40219.1
Project("{FAE04EC0-301F-11D3-BF4B-00C04F79EFBC}") = "CryptographicCreator", "CryptographicCreator\CryptographicCreator.csproj", "{FE472051-E78E-46C3-8358-E26B7B7AB0CC}"
EndProject
Global
	GlobalSection(SolutionConfigurationPlatforms) = preSolution
		Debug|Any CPU = Debug|Any CPU
		Release|Any CPU = Release|Any CPU
	EndGlobalSection
	GlobalSection(ProjectConfigurationPlatforms) = postSolution
		{FE472051-E78E-46C3-8358-E26B7B7AB0CC}.Debug|Any CPU.ActiveCfg = Debug|Any CPU
		{FE472051-E78E-46C3-8358-E26B7B7AB0CC}.Debug|Any CPU.Build.0 = Debug|Any CPU
		{FE472051-E78E-46C3-8358-E26B7B7AB0CC}.Release|Any CPU.ActiveCfg = Release|Any CPU
		{FE472051-E78E-46C3-8358-E26B7B7AB0CC}.Release|Any CPU.Build.0 = Release|Any CPU
	EndGlobalSection
	GlobalSection(SolutionProperties) = preSolution
		HideSolutionNode = FALSE
	EndGlobalSection
	GlobalSection(ExtensibilityGlobals) = postSolution
		SolutionGuid = {952DAC61-C343-45EA-8C66-F12F0DC95C4C}
	EndGlobalSection
EndGlobal
