
Microsoft Visual Studio Solution File, Format Version 12.00
# Visual Studio 15
VisualStudioVersion = 15.0.28307.329
MinimumVisualStudioVersion = 10.0.40219.1
Project("{FAE04EC0-301F-11D3-BF4B-00C04F79EFBC}") = "CryptographicCreator", "CryptographicCreator\CryptographicCreator.csproj", "{FE472051-E78E-46C3-8358-E26B7B7AB0CC}"
EndProject
Project("{FAE04EC0-301F-11D3-BF4B-00C04F79EFBC}") = "RSARegion", "RSARegion\RSARegion.csproj", "{0E387B4C-4A31-4257-A5CC-BE139BB9A96C}"
EndProject
Project("{FAE04EC0-301F-11D3-BF4B-00C04F79EFBC}") = "EventAggregator", "EventAggregator\EventAggregator.csproj", "{028C4630-1634-4F39-9E6D-323F440AFCD6}"
EndProject
Project("{FAE04EC0-301F-11D3-BF4B-00C04F79EFBC}") = "Commons", "Commons\Commons.csproj", "{09A2D4A3-ED80-4344-8FD2-09F8A14A8F28}"
EndProject
Project("{FAE04EC0-301F-11D3-BF4B-00C04F79EFBC}") = "CommonsTest", "CommonsTest\CommonsTest.csproj", "{91B1119D-FB7F-4AD4-A3B2-5ECAAEB96352}"
EndProject
Project("{FAE04EC0-301F-11D3-BF4B-00C04F79EFBC}") = "AESRegion", "AESRegion\AESRegion.csproj", "{7D9129DE-3E5C-4041-AF91-6491A7C831DA}"
EndProject
Project("{FAE04EC0-301F-11D3-BF4B-00C04F79EFBC}") = "MD5Region", "MD5Region\MD5Region.csproj", "{59F9F783-B25A-4351-94D2-0244A1EF8B41}"
EndProject
Project("{FAE04EC0-301F-11D3-BF4B-00C04F79EFBC}") = "SHA512Region", "SHA512Region\SHA512Region.csproj", "{CE8BEA55-4667-4605-96C9-F47A937C3ADF}"
EndProject
Project("{FAE04EC0-301F-11D3-BF4B-00C04F79EFBC}") = "SHA256Region", "SHA256Region\SHA256Region.csproj", "{CC53BB41-43E6-44FD-BE35-E68F35BBE6EE}"
EndProject
Global
	GlobalSection(SolutionConfigurationPlatforms) = preSolution
		Debug|Any CPU = Debug|Any CPU
		Release|Any CPU = Release|Any CPU
	EndGlobalSection
	GlobalSection(ProjectConfigurationPlatforms) = postSolution
		{FE472051-E78E-46C3-8358-E26B7B7AB0CC}.Debug|Any CPU.ActiveCfg = Debug|Any CPU
		{FE472051-E78E-46C3-8358-E26B7B7AB0CC}.Debug|Any CPU.Build.0 = Debug|Any CPU
		{FE472051-E78E-46C3-8358-E26B7B7AB0CC}.Release|Any CPU.ActiveCfg = Release|Any CPU
		{FE472051-E78E-46C3-8358-E26B7B7AB0CC}.Release|Any CPU.Build.0 = Release|Any CPU
		{0E387B4C-4A31-4257-A5CC-BE139BB9A96C}.Debug|Any CPU.ActiveCfg = Debug|Any CPU
		{0E387B4C-4A31-4257-A5CC-BE139BB9A96C}.Debug|Any CPU.Build.0 = Debug|Any CPU
		{0E387B4C-4A31-4257-A5CC-BE139BB9A96C}.Release|Any CPU.ActiveCfg = Release|Any CPU
		{0E387B4C-4A31-4257-A5CC-BE139BB9A96C}.Release|Any CPU.Build.0 = Release|Any CPU
		{028C4630-1634-4F39-9E6D-323F440AFCD6}.Debug|Any CPU.ActiveCfg = Debug|Any CPU
		{028C4630-1634-4F39-9E6D-323F440AFCD6}.Debug|Any CPU.Build.0 = Debug|Any CPU
		{028C4630-1634-4F39-9E6D-323F440AFCD6}.Release|Any CPU.ActiveCfg = Release|Any CPU
		{028C4630-1634-4F39-9E6D-323F440AFCD6}.Release|Any CPU.Build.0 = Release|Any CPU
		{09A2D4A3-ED80-4344-8FD2-09F8A14A8F28}.Debug|Any CPU.ActiveCfg = Debug|Any CPU
		{09A2D4A3-ED80-4344-8FD2-09F8A14A8F28}.Debug|Any CPU.Build.0 = Debug|Any CPU
		{09A2D4A3-ED80-4344-8FD2-09F8A14A8F28}.Release|Any CPU.ActiveCfg = Release|Any CPU
		{09A2D4A3-ED80-4344-8FD2-09F8A14A8F28}.Release|Any CPU.Build.0 = Release|Any CPU
		{91B1119D-FB7F-4AD4-A3B2-5ECAAEB96352}.Debug|Any CPU.ActiveCfg = Debug|Any CPU
		{91B1119D-FB7F-4AD4-A3B2-5ECAAEB96352}.Debug|Any CPU.Build.0 = Debug|Any CPU
		{91B1119D-FB7F-4AD4-A3B2-5ECAAEB96352}.Release|Any CPU.ActiveCfg = Release|Any CPU
		{91B1119D-FB7F-4AD4-A3B2-5ECAAEB96352}.Release|Any CPU.Build.0 = Release|Any CPU
		{7D9129DE-3E5C-4041-AF91-6491A7C831DA}.Debug|Any CPU.ActiveCfg = Debug|Any CPU
		{7D9129DE-3E5C-4041-AF91-6491A7C831DA}.Debug|Any CPU.Build.0 = Debug|Any CPU
		{7D9129DE-3E5C-4041-AF91-6491A7C831DA}.Release|Any CPU.ActiveCfg = Release|Any CPU
		{7D9129DE-3E5C-4041-AF91-6491A7C831DA}.Release|Any CPU.Build.0 = Release|Any CPU
		{59F9F783-B25A-4351-94D2-0244A1EF8B41}.Debug|Any CPU.ActiveCfg = Debug|Any CPU
		{59F9F783-B25A-4351-94D2-0244A1EF8B41}.Debug|Any CPU.Build.0 = Debug|Any CPU
		{59F9F783-B25A-4351-94D2-0244A1EF8B41}.Release|Any CPU.ActiveCfg = Release|Any CPU
		{59F9F783-B25A-4351-94D2-0244A1EF8B41}.Release|Any CPU.Build.0 = Release|Any CPU
		{CE8BEA55-4667-4605-96C9-F47A937C3ADF}.Debug|Any CPU.ActiveCfg = Debug|Any CPU
		{CE8BEA55-4667-4605-96C9-F47A937C3ADF}.Debug|Any CPU.Build.0 = Debug|Any CPU
		{CE8BEA55-4667-4605-96C9-F47A937C3ADF}.Release|Any CPU.ActiveCfg = Release|Any CPU
		{CE8BEA55-4667-4605-96C9-F47A937C3ADF}.Release|Any CPU.Build.0 = Release|Any CPU
		{CC53BB41-43E6-44FD-BE35-E68F35BBE6EE}.Debug|Any CPU.ActiveCfg = Debug|Any CPU
		{CC53BB41-43E6-44FD-BE35-E68F35BBE6EE}.Debug|Any CPU.Build.0 = Debug|Any CPU
		{CC53BB41-43E6-44FD-BE35-E68F35BBE6EE}.Release|Any CPU.ActiveCfg = Release|Any CPU
		{CC53BB41-43E6-44FD-BE35-E68F35BBE6EE}.Release|Any CPU.Build.0 = Release|Any CPU
	EndGlobalSection
	GlobalSection(SolutionProperties) = preSolution
		HideSolutionNode = FALSE
	EndGlobalSection
	GlobalSection(ExtensibilityGlobals) = postSolution
		SolutionGuid = {952DAC61-C343-45EA-8C66-F12F0DC95C4C}
	EndGlobalSection
EndGlobal
